
Microsoft Visual Studio Solution File, Format Version 12.00
# Visual Studio Version 16
VisualStudioVersion = 16.0.30114.105
MinimumVisualStudioVersion = 10.0.40219.1
Project("{9A19103F-16F7-4668-BE54-9A1E7A4F7556}") = "API", "API\API.csproj", "{D2B65106-BD0A-4279-A988-101308F89BF5}"
EndProject
Project("{9A19103F-16F7-4668-BE54-9A1E7A4F7556}") = "Core", "Core\Core.csproj", "{FBCD727B-AF07-4E5C-84B9-311C70C2004D}"
EndProject
Project("{9A19103F-16F7-4668-BE54-9A1E7A4F7556}") = "Infrastructure", "Infrastructure\Infrastructure.csproj", "{D7737414-361D-413B-9B09-2258B30653FF}"
EndProject
Global
	GlobalSection(SolutionConfigurationPlatforms) = preSolution
		Debug|Any CPU = Debug|Any CPU
		Debug|x64 = Debug|x64
		Debug|x86 = Debug|x86
		Release|Any CPU = Release|Any CPU
		Release|x64 = Release|x64
		Release|x86 = Release|x86
	EndGlobalSection
	GlobalSection(ProjectConfigurationPlatforms) = postSolution
		{D2B65106-BD0A-4279-A988-101308F89BF5}.Debug|Any CPU.ActiveCfg = Debug|Any CPU
		{D2B65106-BD0A-4279-A988-101308F89BF5}.Debug|Any CPU.Build.0 = Debug|Any CPU
		{D2B65106-BD0A-4279-A988-101308F89BF5}.Debug|x64.ActiveCfg = Debug|Any CPU
		{D2B65106-BD0A-4279-A988-101308F89BF5}.Debug|x64.Build.0 = Debug|Any CPU
		{D2B65106-BD0A-4279-A988-101308F89BF5}.Debug|x86.ActiveCfg = Debug|Any CPU
		{D2B65106-BD0A-4279-A988-101308F89BF5}.Debug|x86.Build.0 = Debug|Any CPU
		{D2B65106-BD0A-4279-A988-101308F89BF5}.Release|Any CPU.ActiveCfg = Release|Any CPU
		{D2B65106-BD0A-4279-A988-101308F89BF5}.Release|Any CPU.Build.0 = Release|Any CPU
		{D2B65106-BD0A-4279-A988-101308F89BF5}.Release|x64.ActiveCfg = Release|Any CPU
		{D2B65106-BD0A-4279-A988-101308F89BF5}.Release|x64.Build.0 = Release|Any CPU
		{D2B65106-BD0A-4279-A988-101308F89BF5}.Release|x86.ActiveCfg = Release|Any CPU
		{D2B65106-BD0A-4279-A988-101308F89BF5}.Release|x86.Build.0 = Release|Any CPU
		{FBCD727B-AF07-4E5C-84B9-311C70C2004D}.Debug|Any CPU.ActiveCfg = Debug|Any CPU
		{FBCD727B-AF07-4E5C-84B9-311C70C2004D}.Debug|Any CPU.Build.0 = Debug|Any CPU
		{FBCD727B-AF07-4E5C-84B9-311C70C2004D}.Debug|x64.ActiveCfg = Debug|Any CPU
		{FBCD727B-AF07-4E5C-84B9-311C70C2004D}.Debug|x64.Build.0 = Debug|Any CPU
		{FBCD727B-AF07-4E5C-84B9-311C70C2004D}.Debug|x86.ActiveCfg = Debug|Any CPU
		{FBCD727B-AF07-4E5C-84B9-311C70C2004D}.Debug|x86.Build.0 = Debug|Any CPU
		{FBCD727B-AF07-4E5C-84B9-311C70C2004D}.Release|Any CPU.ActiveCfg = Release|Any CPU
		{FBCD727B-AF07-4E5C-84B9-311C70C2004D}.Release|Any CPU.Build.0 = Release|Any CPU
		{FBCD727B-AF07-4E5C-84B9-311C70C2004D}.Release|x64.ActiveCfg = Release|Any CPU
		{FBCD727B-AF07-4E5C-84B9-311C70C2004D}.Release|x64.Build.0 = Release|Any CPU
		{FBCD727B-AF07-4E5C-84B9-311C70C2004D}.Release|x86.ActiveCfg = Release|Any CPU
		{FBCD727B-AF07-4E5C-84B9-311C70C2004D}.Release|x86.Build.0 = Release|Any CPU
		{D7737414-361D-413B-9B09-2258B30653FF}.Debug|Any CPU.ActiveCfg = Debug|Any CPU
		{D7737414-361D-413B-9B09-2258B30653FF}.Debug|Any CPU.Build.0 = Debug|Any CPU
		{D7737414-361D-413B-9B09-2258B30653FF}.Debug|x64.ActiveCfg = Debug|Any CPU
		{D7737414-361D-413B-9B09-2258B30653FF}.Debug|x64.Build.0 = Debug|Any CPU
		{D7737414-361D-413B-9B09-2258B30653FF}.Debug|x86.ActiveCfg = Debug|Any CPU
		{D7737414-361D-413B-9B09-2258B30653FF}.Debug|x86.Build.0 = Debug|Any CPU
		{D7737414-361D-413B-9B09-2258B30653FF}.Release|Any CPU.ActiveCfg = Release|Any CPU
		{D7737414-361D-413B-9B09-2258B30653FF}.Release|Any CPU.Build.0 = Release|Any CPU
		{D7737414-361D-413B-9B09-2258B30653FF}.Release|x64.ActiveCfg = Release|Any CPU
		{D7737414-361D-413B-9B09-2258B30653FF}.Release|x64.Build.0 = Release|Any CPU
		{D7737414-361D-413B-9B09-2258B30653FF}.Release|x86.ActiveCfg = Release|Any CPU
		{D7737414-361D-413B-9B09-2258B30653FF}.Release|x86.Build.0 = Release|Any CPU
	EndGlobalSection
	GlobalSection(SolutionProperties) = preSolution
		HideSolutionNode = FALSE
	EndGlobalSection
	GlobalSection(ExtensibilityGlobals) = postSolution
		SolutionGuid = {AD5FBC37-E23D-446D-8E93-E5C805E03CA2}
	EndGlobalSection
EndGlobal
